
Microsoft Visual Studio Solution File, Format Version 12.00
# Visual Studio 2013
VisualStudioVersion = 12.0.20827.3
MinimumVisualStudioVersion = 10.0.40219.1
Project("{8BC9CEB8-8B4A-11D0-8D11-00A0C91BC942}") = "Server", "Server\Server.vcxproj", "{A8A202E1-2D66-496D-9A72-0861892F67DD}"
EndProject
Project("{8BC9CEB8-8B4A-11D0-8D11-00A0C91BC942}") = "TestClient", "TestClient\TestClient.vcxproj", "{C28E1504-1D8E-42AA-B48D-70003D1F8780}"
EndProject
Project("{8BC9CEB8-8B4A-11D0-8D11-00A0C91BC942}") = "jsoncpp", "jsoncpp\jsoncpp.vcxproj", "{F1DB8407-60D1-4AFC-933D-DDA1731133DA}"
EndProject
Global
	GlobalSection(SolutionConfigurationPlatforms) = preSolution
		Debug|Win32 = Debug|Win32
		Release|Win32 = Release|Win32
	EndGlobalSection
	GlobalSection(ProjectConfigurationPlatforms) = postSolution
		{A8A202E1-2D66-496D-9A72-0861892F67DD}.Debug|Win32.ActiveCfg = Debug|Win32
		{A8A202E1-2D66-496D-9A72-0861892F67DD}.Debug|Win32.Build.0 = Debug|Win32
		{A8A202E1-2D66-496D-9A72-0861892F67DD}.Release|Win32.ActiveCfg = Release|Win32
		{A8A202E1-2D66-496D-9A72-0861892F67DD}.Release|Win32.Build.0 = Release|Win32
		{C28E1504-1D8E-42AA-B48D-70003D1F8780}.Debug|Win32.ActiveCfg = Debug|Win32
		{C28E1504-1D8E-42AA-B48D-70003D1F8780}.Debug|Win32.Build.0 = Debug|Win32
		{C28E1504-1D8E-42AA-B48D-70003D1F8780}.Release|Win32.ActiveCfg = Release|Win32
		{C28E1504-1D8E-42AA-B48D-70003D1F8780}.Release|Win32.Build.0 = Release|Win32
		{F1DB8407-60D1-4AFC-933D-DDA1731133DA}.Debug|Win32.ActiveCfg = Debug|Win32
		{F1DB8407-60D1-4AFC-933D-DDA1731133DA}.Debug|Win32.Build.0 = Debug|Win32
		{F1DB8407-60D1-4AFC-933D-DDA1731133DA}.Release|Win32.ActiveCfg = Release|Win32
		{F1DB8407-60D1-4AFC-933D-DDA1731133DA}.Release|Win32.Build.0 = Release|Win32
	EndGlobalSection
	GlobalSection(SolutionProperties) = preSolution
		HideSolutionNode = FALSE
	EndGlobalSection
EndGlobal
